// !$*UTF8*$!
{
	archiveVersion = 1;
	classes = {
	};
	objectVersion = 48;
	objects = {

/* Begin PBXBuildFile section */
		5AF0BBB51F90B711008D0988 /* AppDelegate.swift in Sources */ = {isa = PBXBuildFile; fileRef = 5AF0BBB41F90B711008D0988 /* AppDelegate.swift */; };
		5AF0BBB71F90B711008D0988 /* ViewController.swift in Sources */ = {isa = PBXBuildFile; fileRef = 5AF0BBB61F90B711008D0988 /* ViewController.swift */; };
		5AF0BBBA1F90B711008D0988 /* Main.storyboard in Resources */ = {isa = PBXBuildFile; fileRef = 5AF0BBB81F90B711008D0988 /* Main.storyboard */; };
		5AF0BBBD1F90B711008D0988 /* HandyMan.xcdatamodeld in Sources */ = {isa = PBXBuildFile; fileRef = 5AF0BBBB1F90B711008D0988 /* HandyMan.xcdatamodeld */; };
		5AF0BBBF1F90B711008D0988 /* Assets.xcassets in Resources */ = {isa = PBXBuildFile; fileRef = 5AF0BBBE1F90B711008D0988 /* Assets.xcassets */; };
		5AF0BBC21F90B711008D0988 /* LaunchScreen.storyboard in Resources */ = {isa = PBXBuildFile; fileRef = 5AF0BBC01F90B711008D0988 /* LaunchScreen.storyboard */; };
/* End PBXBuildFile section */

/* Begin PBXFileReference section */
		5AF0BBB11F90B711008D0988 /* HandyMan.app */ = {isa = PBXFileReference; explicitFileType = wrapper.application; includeInIndex = 0; path = HandyMan.app; sourceTree = BUILT_PRODUCTS_DIR; };
		5AF0BBB41F90B711008D0988 /* AppDelegate.swift */ = {isa = PBXFileReference; lastKnownFileType = sourcecode.swift; path = AppDelegate.swift; sourceTree = "<group>"; };
		5AF0BBB61F90B711008D0988 /* ViewController.swift */ = {isa = PBXFileReference; lastKnownFileType = sourcecode.swift; path = ViewController.swift; sourceTree = "<group>"; };
		5AF0BBB91F90B711008D0988 /* Base */ = {isa = PBXFileReference; lastKnownFileType = file.storyboard; name = Base; path = Base.lproj/Main.storyboard; sourceTree = "<group>"; };
		5AF0BBBC1F90B711008D0988 /* HandyMan.xcdatamodel */ = {isa = PBXFileReference; lastKnownFileType = wrapper.xcdatamodel; path = HandyMan.xcdatamodel; sourceTree = "<group>"; };
		5AF0BBBE1F90B711008D0988 /* Assets.xcassets */ = {isa = PBXFileReference; lastKnownFileType = folder.assetcatalog; path = Assets.xcassets; sourceTree = "<group>"; };
		5AF0BBC11F90B711008D0988 /* Base */ = {isa = PBXFileReference; lastKnownFileType = file.storyboard; name = Base; path = Base.lproj/LaunchScreen.storyboard; sourceTree = "<group>"; };
		5AF0BBC31F90B711008D0988 /* Info.plist */ = {isa = PBXFileReference; lastKnownFileType = text.plist.xml; path = Info.plist; sourceTree = "<group>"; };
/* End PBXFileReference section */

/* Begin PBXFrameworksBuildPhase section */
		5AF0BBAE1F90B711008D0988 /* Frameworks */ = {
			isa = PBXFrameworksBuildPhase;
			buildActionMask = 2147483647;
			files = (
			);
			runOnlyForDeploymentPostprocessing = 0;
		};
/* End PBXFrameworksBuildPhase section */

/* Begin PBXGroup section */
		5AF0BBA81F90B711008D0988 = {
			isa = PBXGroup;
			children = (
				5AF0BBB31F90B711008D0988 /* HandyMan */,
				5AF0BBB21F90B711008D0988 /* Products */,
			);
			sourceTree = "<group>";
		};
		5AF0BBB21F90B711008D0988 /* Products */ = {
			isa = PBXGroup;
			children = (
				5AF0BBB11F90B711008D0988 /* HandyMan.app */,
			);
			name = Products;
			sourceTree = "<group>";
		};
		5AF0BBB31F90B711008D0988 /* HandyMan */ = {
			isa = PBXGroup;
			children = (
				5AF0BBB41F90B711008D0988 /* AppDelegate.swift */,
				5AF0BBB61F90B711008D0988 /* ViewController.swift */,
				5AF0BBB81F90B711008D0988 /* Main.storyboard */,
				5AF0BBBE1F90B711008D0988 /* Assets.xcassets */,
				5AF0BBC01F90B711008D0988 /* LaunchScreen.storyboard */,
				5AF0BBC31F90B711008D0988 /* Info.plist */,
				5AF0BBBB1F90B711008D0988 /* HandyMan.xcdatamodeld */,
			);
			path = HandyMan;
			sourceTree = "<group>";
		};
/* End PBXGroup section */

/* Begin PBXNativeTarget section */
		5AF0BBB01F90B711008D0988 /* HandyMan */ = {
			isa = PBXNativeTarget;
			buildConfigurationList = 5AF0BBC61F90B711008D0988 /* Build configuration list for PBXNativeTarget "HandyMan" */;
			buildPhases = (
				5AF0BBAD1F90B711008D0988 /* Sources */,
				5AF0BBAE1F90B711008D0988 /* Frameworks */,
				5AF0BBAF1F90B711008D0988 /* Resources */,
			);
			buildRules = (
			);
			dependencies = (
			);
			name = HandyMan;
			productName = HandyMan;
			productReference = 5AF0BBB11F90B711008D0988 /* HandyMan.app */;
			productType = "com.apple.product-type.application";
		};
/* End PBXNativeTarget section */

/* Begin PBXProject section */
		5AF0BBA91F90B711008D0988 /* Project object */ = {
			isa = PBXProject;
			attributes = {
				LastSwiftUpdateCheck = 0900;
				LastUpgradeCheck = 0900;
				ORGANIZATIONNAME = "Ahmed Khemiri";
				TargetAttributes = {
					5AF0BBB01F90B711008D0988 = {
						CreatedOnToolsVersion = 9.0;
						ProvisioningStyle = Automatic;
					};
				};
			};
			buildConfigurationList = 5AF0BBAC1F90B711008D0988 /* Build configuration list for PBXProject "HandyMan" */;
			compatibilityVersion = "Xcode 8.0";
			developmentRegion = en;
			hasScannedForEncodings = 0;
			knownRegions = (
				en,
				Base,
			);
			mainGroup = 5AF0BBA81F90B711008D0988;
			productRefGroup = 5AF0BBB21F90B711008D0988 /* Products */;
			projectDirPath = "";
			projectRoot = "";
			targets = (
				5AF0BBB01F90B711008D0988 /* HandyMan */,
			);
		};
/* End PBXProject section */

/* Begin PBXResourcesBuildPhase section */
		5AF0BBAF1F90B711008D0988 /* Resources */ = {
			isa = PBXResourcesBuildPhase;
			buildActionMask = 2147483647;
			files = (
				5AF0BBC21F90B711008D0988 /* LaunchScreen.storyboard in Resources */,
				5AF0BBBF1F90B711008D0988 /* Assets.xcassets in Resources */,
				5AF0BBBA1F90B711008D0988 /* Main.storyboard in Resources */,
			);
			runOnlyForDeploymentPostprocessing = 0;
		};
/* End PBXResourcesBuildPhase section */

/* Begin PBXSourcesBuildPhase section */
		5AF0BBAD1F90B711008D0988 /* Sources */ = {
			isa = PBXSourcesBuildPhase;
			buildActionMask = 2147483647;
			files = (
				5AF0BBB71F90B711008D0988 /* ViewController.swift in Sources */,
				5AF0BBB51F90B711008D0988 /* AppDelegate.swift in Sources */,
				5AF0BBBD1F90B711008D0988 /* HandyMan.xcdatamodeld in Sources */,
			);
			runOnlyForDeploymentPostprocessing = 0;
		};
/* End PBXSourcesBuildPhase section */

/* Begin PBXVariantGroup section */
		5AF0BBB81F90B711008D0988 /* Main.storyboard */ = {
			isa = PBXVariantGroup;
			children = (
				5AF0BBB91F90B711008D0988 /* Base */,
			);
			name = Main.storyboard;
			sourceTree = "<group>";
		};
		5AF0BBC01F90B711008D0988 /* LaunchScreen.storyboard */ = {
			isa = PBXVariantGroup;
			children = (
				5AF0BBC11F90B711008D0988 /* Base */,
			);
			name = LaunchScreen.storyboard;
			sourceTree = "<group>";
		};
/* End PBXVariantGroup section */

/* Begin XCBuildConfiguration section */
		5AF0BBC41F90B711008D0988 /* Debug */ = {
			isa = XCBuildConfiguration;
			buildSettings = {
				ALWAYS_SEARCH_USER_PATHS = NO;
				CLANG_ANALYZER_NONNULL = YES;
				CLANG_ANALYZER_NUMBER_OBJECT_CONVERSION = YES_AGGRESSIVE;
				CLANG_CXX_LANGUAGE_STANDARD = "gnu++14";
				CLANG_CXX_LIBRARY = "libc++";
				CLANG_ENABLE_MODULES = YES;
				CLANG_ENABLE_OBJC_ARC = YES;
				CLANG_WARN_BLOCK_CAPTURE_AUTORELEASING = YES;
				CLANG_WARN_BOOL_CONVERSION = YES;
				CLANG_WARN_COMMA = YES;
				CLANG_WARN_CONSTANT_CONVERSION = YES;
				CLANG_WARN_DIRECT_OBJC_ISA_USAGE = YES_ERROR;
				CLANG_WARN_DOCUMENTATION_COMMENTS = YES;
				CLANG_WARN_EMPTY_BODY = YES;
				CLANG_WARN_ENUM_CONVERSION = YES;
				CLANG_WARN_INFINITE_RECURSION = YES;
				CLANG_WARN_INT_CONVERSION = YES;
				CLANG_WARN_NON_LITERAL_NULL_CONVERSION = YES;
				CLANG_WARN_OBJC_LITERAL_CONVERSION = YES;
				CLANG_WARN_OBJC_ROOT_CLASS = YES_ERROR;
				CLANG_WARN_RANGE_LOOP_ANALYSIS = YES;
				CLANG_WARN_STRICT_PROTOTYPES = YES;
				CLANG_WARN_SUSPICIOUS_MOVE = YES;
				CLANG_WARN_UNGUARDED_AVAILABILITY = YES_AGGRESSIVE;
				CLANG_WARN_UNREACHABLE_CODE = YES;
				CLANG_WARN__DUPLICATE_METHOD_MATCH = YES;
				CODE_SIGN_IDENTITY = "iPhone Developer";
				COPY_PHASE_STRIP = NO;
				DEBUG_INFORMATION_FORMAT = dwarf;
				ENABLE_STRICT_OBJC_MSGSEND = YES;
				ENABLE_TESTABILITY = YES;
				GCC_C_LANGUAGE_STANDARD = gnu11;
				GCC_DYNAMIC_NO_PIC = NO;
				GCC_NO_COMMON_BLOCKS = YES;
				GCC_OPTIMIZATION_LEVEL = 0;
				GCC_PREPROCESSOR_DEFINITIONS = (
					"DEBUG=1",
					"$(inherited)",
				);
				GCC_WARN_64_TO_32_BIT_CONVERSION = YES;
				GCC_WARN_ABOUT_RETURN_TYPE = YES_ERROR;
				GCC_WARN_UNDECLARED_SELECTOR = YES;
				GCC_WARN_UNINITIALIZED_AUTOS = YES_AGGRESSIVE;
				GCC_WARN_UNUSED_FUNCTION = YES;
				GCC_WARN_UNUSED_VARIABLE = YES;
				IPHONEOS_DEPLOYMENT_TARGET = 11.0;
				MTL_ENABLE_DEBUG_INFO = YES;
				ONLY_ACTIVE_ARCH = YES;
				SDKROOT = iphoneos;
				SWIFT_ACTIVE_COMPILATION_CONDITIONS = DEBUG;
				SWIFT_OPTIMIZATION_LEVEL = "-Onone";
			};
			name = Debug;
		};
		5AF0BBC51F90B711008D0988 /* Release */ = {
			isa = XCBuildConfiguration;
			buildSettings = {
				ALWAYS_SEARCH_USER_PATHS = NO;
				CLANG_ANALYZER_NONNULL = YES;
				CLANG_ANALYZER_NUMBER_OBJECT_CONVERSION = YES_AGGRESSIVE;
				CLANG_CXX_LANGUAGE_STANDARD = "gnu++14";
				CLANG_CXX_LIBRARY = "libc++";
				CLANG_ENABLE_MODULES = YES;
				CLANG_ENABLE_OBJC_ARC = YES;
				CLANG_WARN_BLOCK_CAPTURE_AUTORELEASING = YES;
				CLANG_WARN_BOOL_CONVERSION = YES;
				CLANG_WARN_COMMA = YES;
				CLANG_WARN_CONSTANT_CONVERSION = YES;
				CLANG_WARN_DIRECT_OBJC_ISA_USAGE = YES_ERROR;
				CLANG_WARN_DOCUMENTATION_COMMENTS = YES;
				CLANG_WARN_EMPTY_BODY = YES;
				CLANG_WARN_ENUM_CONVERSION = YES;
				CLANG_WARN_INFINITE_RECURSION = YES;
				CLANG_WARN_INT_CONVERSION = YES;
				CLANG_WARN_NON_LITERAL_NULL_CONVERSION = YES;
				CLANG_WARN_OBJC_LITERAL_CONVERSION = YES;
				CLANG_WARN_OBJC_ROOT_CLASS = YES_ERROR;
				CLANG_WARN_RANGE_LOOP_ANALYSIS = YES;
				CLANG_WARN_STRICT_PROTOTYPES = YES;
				CLANG_WARN_SUSPICIOUS_MOVE = YES;
				CLANG_WARN_UNGUARDED_AVAILABILITY = YES_AGGRESSIVE;
				CLANG_WARN_UNREACHABLE_CODE = YES;
				CLANG_WARN__DUPLICATE_METHOD_MATCH = YES;
				CODE_SIGN_IDENTITY = "iPhone Developer";
				COPY_PHASE_STRIP = NO;
				DEBUG_INFORMATION_FORMAT = "dwarf-with-dsym";
				ENABLE_NS_ASSERTIONS = NO;
				ENABLE_STRICT_OBJC_MSGSEND = YES;
				GCC_C_LANGUAGE_STANDARD = gnu11;
				GCC_NO_COMMON_BLOCKS = YES;
				GCC_WARN_64_TO_32_BIT_CONVERSION = YES;
				GCC_WARN_ABOUT_RETURN_TYPE = YES_ERROR;
				GCC_WARN_UNDECLARED_SELECTOR = YES;
				GCC_WARN_UNINITIALIZED_AUTOS = YES_AGGRESSIVE;
				GCC_WARN_UNUSED_FUNCTION = YES;
				GCC_WARN_UNUSED_VARIABLE = YES;
				IPHONEOS_DEPLOYMENT_TARGET = 11.0;
				MTL_ENABLE_DEBUG_INFO = NO;
				SDKROOT = iphoneos;
				SWIFT_OPTIMIZATION_LEVEL = "-Owholemodule";
				VALIDATE_PRODUCT = YES;
			};
			name = Release;
		};
		5AF0BBC71F90B711008D0988 /* Debug */ = {
			isa = XCBuildConfiguration;
			buildSettings = {
				ASSETCATALOG_COMPILER_APPICON_NAME = AppIcon;
				CODE_SIGN_STYLE = Automatic;
				DEVELOPMENT_TEAM = QS947YSLJR;
				INFOPLIST_FILE = HandyMan/Info.plist;
				LD_RUNPATH_SEARCH_PATHS = "$(inherited) @executable_path/Frameworks";
				PRODUCT_BUNDLE_IDENTIFIER = com.test.HandyMan;
				PRODUCT_NAME = "$(TARGET_NAME)";
				SWIFT_VERSION = 4.0;
				TARGETED_DEVICE_FAMILY = "1,2";
			};
			name = Debug;
		};
		5AF0BBC81F90B711008D0988 /* Release */ = {
			isa = XCBuildConfiguration;
			buildSettings = {
				ASSETCATALOG_COMPILER_APPICON_NAME = AppIcon;
				CODE_SIGN_STYLE = Automatic;
				DEVELOPMENT_TEAM = QS947YSLJR;
				INFOPLIST_FILE = HandyMan/Info.plist;
				LD_RUNPATH_SEARCH_PATHS = "$(inherited) @executable_path/Frameworks";
				PRODUCT_BUNDLE_IDENTIFIER = com.test.HandyMan;
				PRODUCT_NAME = "$(TARGET_NAME)";
				SWIFT_VERSION = 4.0;
				TARGETED_DEVICE_FAMILY = "1,2";
			};
			name = Release;
		};
/* End XCBuildConfiguration section */

/* Begin XCConfigurationList section */
		5AF0BBAC1F90B711008D0988 /* Build configuration list for PBXProject "HandyMan" */ = {
			isa = XCConfigurationList;
			buildConfigurations = (
				5AF0BBC41F90B711008D0988 /* Debug */,
				5AF0BBC51F90B711008D0988 /* Release */,
			);
			defaultConfigurationIsVisible = 0;
			defaultConfigurationName = Release;
		};
		5AF0BBC61F90B711008D0988 /* Build configuration list for PBXNativeTarget "HandyMan" */ = {
			isa = XCConfigurationList;
			buildConfigurations = (
				5AF0BBC71F90B711008D0988 /* Debug */,
				5AF0BBC81F90B711008D0988 /* Release */,
			);
			defaultConfigurationIsVisible = 0;
			defaultConfigurationName = Release;
		};
/* End XCConfigurationList section */

/* Begin XCVersionGroup section */
		5AF0BBBB1F90B711008D0988 /* HandyMan.xcdatamodeld */ = {
			isa = XCVersionGroup;
			children = (
				5AF0BBBC1F90B711008D0988 /* HandyMan.xcdatamodel */,
			);
			currentVersion = 5AF0BBBC1F90B711008D0988 /* HandyMan.xcdatamodel */;
			path = HandyMan.xcdatamodeld;
			sourceTree = "<group>";
			versionGroupType = wrapper.xcdatamodel;
		};
/* End XCVersionGroup section */
	};
	rootObject = 5AF0BBA91F90B711008D0988 /* Project object */;
}
